
Microsoft Visual Studio Solution File, Format Version 12.00
# Visual Studio Version 16
VisualStudioVersion = 16.0.31911.196
MinimumVisualStudioVersion = 10.0.40219.1
Project("{888888A0-9F3D-457C-B088-3A5042F75D52}") = "RideShareProject", "RideShareProject.pyproj", "{291990EF-2E56-4BE5-BCEE-4990CFDC5FEB}"
EndProject
Global
	GlobalSection(SolutionConfigurationPlatforms) = preSolution
		Debug|Any CPU = Debug|Any CPU
		Release|Any CPU = Release|Any CPU
	EndGlobalSection
	GlobalSection(ProjectConfigurationPlatforms) = postSolution
		{291990EF-2E56-4BE5-BCEE-4990CFDC5FEB}.Debug|Any CPU.ActiveCfg = Debug|Any CPU
		{291990EF-2E56-4BE5-BCEE-4990CFDC5FEB}.Release|Any CPU.ActiveCfg = Release|Any CPU
	EndGlobalSection
	GlobalSection(SolutionProperties) = preSolution
		HideSolutionNode = FALSE
	EndGlobalSection
	GlobalSection(ExtensibilityGlobals) = postSolution
		SolutionGuid = {E71AD1FC-D1F3-4823-B287-52C6D9883C41}
	EndGlobalSection
EndGlobal
